// !$*UTF8*$!
{
	archiveVersion = 1;
	classes = {
	};
	objectVersion = 46;
	objects = {

/* Begin PBXBuildFile section */
		271975B91EDC0DF40064DB1E /* NewEntry_ViewController.swift in Sources */ = {isa = PBXBuildFile; fileRef = 271975B81EDC0DF40064DB1E /* NewEntry_ViewController.swift */; };
		271E52E21EDE9F690061BB47 /* GoogleService-Info.plist in Resources */ = {isa = PBXBuildFile; fileRef = 271E52E11EDE9F690061BB47 /* GoogleService-Info.plist */; };
		2722C7BD1E9B2ACD009DB4A1 /* AppDelegate.swift in Sources */ = {isa = PBXBuildFile; fileRef = 2722C7BC1E9B2ACD009DB4A1 /* AppDelegate.swift */; };
		2722C7BF1E9B2ACD009DB4A1 /* ViewController.swift in Sources */ = {isa = PBXBuildFile; fileRef = 2722C7BE1E9B2ACD009DB4A1 /* ViewController.swift */; };
		2722C7C21E9B2ACD009DB4A1 /* Main.storyboard in Resources */ = {isa = PBXBuildFile; fileRef = 2722C7C01E9B2ACD009DB4A1 /* Main.storyboard */; };
		2722C7C41E9B2ACD009DB4A1 /* Assets.xcassets in Resources */ = {isa = PBXBuildFile; fileRef = 2722C7C31E9B2ACD009DB4A1 /* Assets.xcassets */; };
		2722C7C71E9B2ACD009DB4A1 /* LaunchScreen.storyboard in Resources */ = {isa = PBXBuildFile; fileRef = 2722C7C51E9B2ACD009DB4A1 /* LaunchScreen.storyboard */; };
		2722C7D21E9B2ACD009DB4A1 /* diaryMeTests.swift in Sources */ = {isa = PBXBuildFile; fileRef = 2722C7D11E9B2ACD009DB4A1 /* diaryMeTests.swift */; };
		2722C7DD1E9B2ACD009DB4A1 /* diaryMeUITests.swift in Sources */ = {isa = PBXBuildFile; fileRef = 2722C7DC1E9B2ACD009DB4A1 /* diaryMeUITests.swift */; };
		2722C7EB1E9B2C37009DB4A1 /* EntryTableCell.swift in Sources */ = {isa = PBXBuildFile; fileRef = 2722C7EA1E9B2C37009DB4A1 /* EntryTableCell.swift */; };
		2747C9061EE552FE009A2036 /* ShowContentViewController.swift in Sources */ = {isa = PBXBuildFile; fileRef = 2747C9051EE552FE009A2036 /* ShowContentViewController.swift */; };
		2747C90C1EE5903C009A2036 /* EntryDiary.swift in Sources */ = {isa = PBXBuildFile; fileRef = 2747C90B1EE5903C009A2036 /* EntryDiary.swift */; };
		9A60716CAD0B51CF6F338903 /* Pods_diaryMe.framework in Frameworks */ = {isa = PBXBuildFile; fileRef = 64F7376F0D521FD91DFA9AB4 /* Pods_diaryMe.framework */; };
/* End PBXBuildFile section */

/* Begin PBXContainerItemProxy section */
		2722C7CE1E9B2ACD009DB4A1 /* PBXContainerItemProxy */ = {
			isa = PBXContainerItemProxy;
			containerPortal = 2722C7B11E9B2ACD009DB4A1 /* Project object */;
			proxyType = 1;
			remoteGlobalIDString = 2722C7B81E9B2ACD009DB4A1;
			remoteInfo = diaryMe;
		};
		2722C7D91E9B2ACD009DB4A1 /* PBXContainerItemProxy */ = {
			isa = PBXContainerItemProxy;
			containerPortal = 2722C7B11E9B2ACD009DB4A1 /* Project object */;
			proxyType = 1;
			remoteGlobalIDString = 2722C7B81E9B2ACD009DB4A1;
			remoteInfo = diaryMe;
		};
/* End PBXContainerItemProxy section */

/* Begin PBXFileReference section */
		271975B81EDC0DF40064DB1E /* NewEntry_ViewController.swift */ = {isa = PBXFileReference; fileEncoding = 4; lastKnownFileType = sourcecode.swift; path = NewEntry_ViewController.swift; sourceTree = "<group>"; };
		271E52E11EDE9F690061BB47 /* GoogleService-Info.plist */ = {isa = PBXFileReference; fileEncoding = 4; lastKnownFileType = text.plist.xml; path = "GoogleService-Info.plist"; sourceTree = "<group>"; };
		2722C7B91E9B2ACD009DB4A1 /* diaryMe.app */ = {isa = PBXFileReference; explicitFileType = wrapper.application; includeInIndex = 0; path = diaryMe.app; sourceTree = BUILT_PRODUCTS_DIR; };
		2722C7BC1E9B2ACD009DB4A1 /* AppDelegate.swift */ = {isa = PBXFileReference; lastKnownFileType = sourcecode.swift; path = AppDelegate.swift; sourceTree = "<group>"; };
		2722C7BE1E9B2ACD009DB4A1 /* ViewController.swift */ = {isa = PBXFileReference; lastKnownFileType = sourcecode.swift; path = ViewController.swift; sourceTree = "<group>"; };
		2722C7C11E9B2ACD009DB4A1 /* Base */ = {isa = PBXFileReference; lastKnownFileType = file.storyboard; name = Base; path = Base.lproj/Main.storyboard; sourceTree = "<group>"; };
		2722C7C31E9B2ACD009DB4A1 /* Assets.xcassets */ = {isa = PBXFileReference; lastKnownFileType = folder.assetcatalog; path = Assets.xcassets; sourceTree = "<group>"; };
		2722C7C61E9B2ACD009DB4A1 /* Base */ = {isa = PBXFileReference; lastKnownFileType = file.storyboard; name = Base; path = Base.lproj/LaunchScreen.storyboard; sourceTree = "<group>"; };
		2722C7C81E9B2ACD009DB4A1 /* Info.plist */ = {isa = PBXFileReference; lastKnownFileType = text.plist.xml; path = Info.plist; sourceTree = "<group>"; };
		2722C7CD1E9B2ACD009DB4A1 /* diaryMeTests.xctest */ = {isa = PBXFileReference; explicitFileType = wrapper.cfbundle; includeInIndex = 0; path = diaryMeTests.xctest; sourceTree = BUILT_PRODUCTS_DIR; };
		2722C7D11E9B2ACD009DB4A1 /* diaryMeTests.swift */ = {isa = PBXFileReference; lastKnownFileType = sourcecode.swift; path = diaryMeTests.swift; sourceTree = "<group>"; };
		2722C7D31E9B2ACD009DB4A1 /* Info.plist */ = {isa = PBXFileReference; lastKnownFileType = text.plist.xml; path = Info.plist; sourceTree = "<group>"; };
		2722C7D81E9B2ACD009DB4A1 /* diaryMeUITests.xctest */ = {isa = PBXFileReference; explicitFileType = wrapper.cfbundle; includeInIndex = 0; path = diaryMeUITests.xctest; sourceTree = BUILT_PRODUCTS_DIR; };
		2722C7DC1E9B2ACD009DB4A1 /* diaryMeUITests.swift */ = {isa = PBXFileReference; lastKnownFileType = sourcecode.swift; path = diaryMeUITests.swift; sourceTree = "<group>"; };
		2722C7DE1E9B2ACD009DB4A1 /* Info.plist */ = {isa = PBXFileReference; lastKnownFileType = text.plist.xml; path = Info.plist; sourceTree = "<group>"; };
		2722C7EA1E9B2C37009DB4A1 /* EntryTableCell.swift */ = {isa = PBXFileReference; fileEncoding = 4; lastKnownFileType = sourcecode.swift; path = EntryTableCell.swift; sourceTree = "<group>"; };
		2747C9051EE552FE009A2036 /* ShowContentViewController.swift */ = {isa = PBXFileReference; fileEncoding = 4; lastKnownFileType = sourcecode.swift; path = ShowContentViewController.swift; sourceTree = "<group>"; };
		2747C90B1EE5903C009A2036 /* EntryDiary.swift */ = {isa = PBXFileReference; fileEncoding = 4; lastKnownFileType = sourcecode.swift; path = EntryDiary.swift; sourceTree = "<group>"; };
		2793D4F43851DCA423E8996B /* Pods-diaryMe.debug.xcconfig */ = {isa = PBXFileReference; includeInIndex = 1; lastKnownFileType = text.xcconfig; name = "Pods-diaryMe.debug.xcconfig"; path = "Pods/Target Support Files/Pods-diaryMe/Pods-diaryMe.debug.xcconfig"; sourceTree = "<group>"; };
		27BD6639F5931A1E707E71D6 /* Pods-diaryMe.release.xcconfig */ = {isa = PBXFileReference; includeInIndex = 1; lastKnownFileType = text.xcconfig; name = "Pods-diaryMe.release.xcconfig"; path = "Pods/Target Support Files/Pods-diaryMe/Pods-diaryMe.release.xcconfig"; sourceTree = "<group>"; };
		64F7376F0D521FD91DFA9AB4 /* Pods_diaryMe.framework */ = {isa = PBXFileReference; explicitFileType = wrapper.framework; includeInIndex = 0; path = Pods_diaryMe.framework; sourceTree = BUILT_PRODUCTS_DIR; };
/* End PBXFileReference section */

/* Begin PBXFrameworksBuildPhase section */
		2722C7B61E9B2ACD009DB4A1 /* Frameworks */ = {
			isa = PBXFrameworksBuildPhase;
			buildActionMask = 2147483647;
			files = (
				9A60716CAD0B51CF6F338903 /* Pods_diaryMe.framework in Frameworks */,
			);
			runOnlyForDeploymentPostprocessing = 0;
		};
		2722C7CA1E9B2ACD009DB4A1 /* Frameworks */ = {
			isa = PBXFrameworksBuildPhase;
			buildActionMask = 2147483647;
			files = (
			);
			runOnlyForDeploymentPostprocessing = 0;
		};
		2722C7D51E9B2ACD009DB4A1 /* Frameworks */ = {
			isa = PBXFrameworksBuildPhase;
			buildActionMask = 2147483647;
			files = (
			);
			runOnlyForDeploymentPostprocessing = 0;
		};
/* End PBXFrameworksBuildPhase section */

/* Begin PBXGroup section */
		2722C7B01E9B2ACD009DB4A1 = {
			isa = PBXGroup;
			children = (
				2722C7BB1E9B2ACD009DB4A1 /* diaryMe */,
				2722C7D01E9B2ACD009DB4A1 /* diaryMeTests */,
				2722C7DB1E9B2ACD009DB4A1 /* diaryMeUITests */,
				2722C7BA1E9B2ACD009DB4A1 /* Products */,
				5737F970BEED81329ED8FBE5 /* Pods */,
				296F2DD556CD3EABBA2EDFC6 /* Frameworks */,
			);
			sourceTree = "<group>";
		};
		2722C7BA1E9B2ACD009DB4A1 /* Products */ = {
			isa = PBXGroup;
			children = (
				2722C7B91E9B2ACD009DB4A1 /* diaryMe.app */,
				2722C7CD1E9B2ACD009DB4A1 /* diaryMeTests.xctest */,
				2722C7D81E9B2ACD009DB4A1 /* diaryMeUITests.xctest */,
			);
			name = Products;
			sourceTree = "<group>";
		};
		2722C7BB1E9B2ACD009DB4A1 /* diaryMe */ = {
			isa = PBXGroup;
			children = (
				2722C7BC1E9B2ACD009DB4A1 /* AppDelegate.swift */,
				2747C90F1EE5906C009A2036 /* Model */,
				2747C90E1EE5905F009A2036 /* Controller */,
				2722C7C01E9B2ACD009DB4A1 /* Main.storyboard */,
				2722C7C31E9B2ACD009DB4A1 /* Assets.xcassets */,
				2722C7C51E9B2ACD009DB4A1 /* LaunchScreen.storyboard */,
				271E52E11EDE9F690061BB47 /* GoogleService-Info.plist */,
				2722C7C81E9B2ACD009DB4A1 /* Info.plist */,
			);
			path = diaryMe;
			sourceTree = "<group>";
		};
		2722C7D01E9B2ACD009DB4A1 /* diaryMeTests */ = {
			isa = PBXGroup;
			children = (
				2722C7D11E9B2ACD009DB4A1 /* diaryMeTests.swift */,
				2722C7D31E9B2ACD009DB4A1 /* Info.plist */,
			);
			path = diaryMeTests;
			sourceTree = "<group>";
		};
		2722C7DB1E9B2ACD009DB4A1 /* diaryMeUITests */ = {
			isa = PBXGroup;
			children = (
				2722C7DC1E9B2ACD009DB4A1 /* diaryMeUITests.swift */,
				2722C7DE1E9B2ACD009DB4A1 /* Info.plist */,
			);
			path = diaryMeUITests;
			sourceTree = "<group>";
		};
		2747C90E1EE5905F009A2036 /* Controller */ = {
			isa = PBXGroup;
			children = (
				2722C7BE1E9B2ACD009DB4A1 /* ViewController.swift */,
				271975B81EDC0DF40064DB1E /* NewEntry_ViewController.swift */,
				2722C7EA1E9B2C37009DB4A1 /* EntryTableCell.swift */,
				2747C9051EE552FE009A2036 /* ShowContentViewController.swift */,
			);
			name = Controller;
			sourceTree = "<group>";
		};
		2747C90F1EE5906C009A2036 /* Model */ = {
			isa = PBXGroup;
			children = (
				2747C90B1EE5903C009A2036 /* EntryDiary.swift */,
			);
			name = Model;
			sourceTree = "<group>";
		};
		296F2DD556CD3EABBA2EDFC6 /* Frameworks */ = {
			isa = PBXGroup;
			children = (
				64F7376F0D521FD91DFA9AB4 /* Pods_diaryMe.framework */,
			);
			name = Frameworks;
			sourceTree = "<group>";
		};
		5737F970BEED81329ED8FBE5 /* Pods */ = {
			isa = PBXGroup;
			children = (
				2793D4F43851DCA423E8996B /* Pods-diaryMe.debug.xcconfig */,
				27BD6639F5931A1E707E71D6 /* Pods-diaryMe.release.xcconfig */,
			);
			name = Pods;
			sourceTree = "<group>";
		};
/* End PBXGroup section */

/* Begin PBXNativeTarget section */
		2722C7B81E9B2ACD009DB4A1 /* diaryMe */ = {
			isa = PBXNativeTarget;
			buildConfigurationList = 2722C7E11E9B2ACD009DB4A1 /* Build configuration list for PBXNativeTarget "diaryMe" */;
			buildPhases = (
				22A1CD76E51E1CF4E5FB08A5 /* [CP] Check Pods Manifest.lock */,
				2722C7B51E9B2ACD009DB4A1 /* Sources */,
				2722C7B61E9B2ACD009DB4A1 /* Frameworks */,
				2722C7B71E9B2ACD009DB4A1 /* Resources */,
				5F1D421E1697FD7691FF58FE /* [CP] Embed Pods Frameworks */,
				315C38E105B865537CEE1819 /* [CP] Copy Pods Resources */,
			);
			buildRules = (
			);
			dependencies = (
			);
			name = diaryMe;
			productName = diaryMe;
			productReference = 2722C7B91E9B2ACD009DB4A1 /* diaryMe.app */;
			productType = "com.apple.product-type.application";
		};
		2722C7CC1E9B2ACD009DB4A1 /* diaryMeTests */ = {
			isa = PBXNativeTarget;
			buildConfigurationList = 2722C7E41E9B2ACD009DB4A1 /* Build configuration list for PBXNativeTarget "diaryMeTests" */;
			buildPhases = (
				2722C7C91E9B2ACD009DB4A1 /* Sources */,
				2722C7CA1E9B2ACD009DB4A1 /* Frameworks */,
				2722C7CB1E9B2ACD009DB4A1 /* Resources */,
			);
			buildRules = (
			);
			dependencies = (
				2722C7CF1E9B2ACD009DB4A1 /* PBXTargetDependency */,
			);
			name = diaryMeTests;
			productName = diaryMeTests;
			productReference = 2722C7CD1E9B2ACD009DB4A1 /* diaryMeTests.xctest */;
			productType = "com.apple.product-type.bundle.unit-test";
		};
		2722C7D71E9B2ACD009DB4A1 /* diaryMeUITests */ = {
			isa = PBXNativeTarget;
			buildConfigurationList = 2722C7E71E9B2ACD009DB4A1 /* Build configuration list for PBXNativeTarget "diaryMeUITests" */;
			buildPhases = (
				2722C7D41E9B2ACD009DB4A1 /* Sources */,
				2722C7D51E9B2ACD009DB4A1 /* Frameworks */,
				2722C7D61E9B2ACD009DB4A1 /* Resources */,
			);
			buildRules = (
			);
			dependencies = (
				2722C7DA1E9B2ACD009DB4A1 /* PBXTargetDependency */,
			);
			name = diaryMeUITests;
			productName = diaryMeUITests;
			productReference = 2722C7D81E9B2ACD009DB4A1 /* diaryMeUITests.xctest */;
			productType = "com.apple.product-type.bundle.ui-testing";
		};
/* End PBXNativeTarget section */

/* Begin PBXProject section */
		2722C7B11E9B2ACD009DB4A1 /* Project object */ = {
			isa = PBXProject;
			attributes = {
				LastSwiftUpdateCheck = 0830;
				LastUpgradeCheck = 0830;
				ORGANIZATIONNAME = "Kyle Nguyen";
				TargetAttributes = {
					2722C7B81E9B2ACD009DB4A1 = {
						CreatedOnToolsVersion = 8.3.1;
						DevelopmentTeam = 2EYD2E426S;
						ProvisioningStyle = Automatic;
					};
					2722C7CC1E9B2ACD009DB4A1 = {
						CreatedOnToolsVersion = 8.3.1;
						ProvisioningStyle = Automatic;
						TestTargetID = 2722C7B81E9B2ACD009DB4A1;
					};
					2722C7D71E9B2ACD009DB4A1 = {
						CreatedOnToolsVersion = 8.3.1;
						ProvisioningStyle = Automatic;
						TestTargetID = 2722C7B81E9B2ACD009DB4A1;
					};
				};
			};
			buildConfigurationList = 2722C7B41E9B2ACD009DB4A1 /* Build configuration list for PBXProject "diaryMe" */;
			compatibilityVersion = "Xcode 3.2";
			developmentRegion = English;
			hasScannedForEncodings = 0;
			knownRegions = (
				en,
				Base,
			);
			mainGroup = 2722C7B01E9B2ACD009DB4A1;
			productRefGroup = 2722C7BA1E9B2ACD009DB4A1 /* Products */;
			projectDirPath = "";
			projectRoot = "";
			targets = (
				2722C7B81E9B2ACD009DB4A1 /* diaryMe */,
				2722C7CC1E9B2ACD009DB4A1 /* diaryMeTests */,
				2722C7D71E9B2ACD009DB4A1 /* diaryMeUITests */,
			);
		};
/* End PBXProject section */

/* Begin PBXResourcesBuildPhase section */
		2722C7B71E9B2ACD009DB4A1 /* Resources */ = {
			isa = PBXResourcesBuildPhase;
			buildActionMask = 2147483647;
			files = (
				2722C7C71E9B2ACD009DB4A1 /* LaunchScreen.storyboard in Resources */,
				271E52E21EDE9F690061BB47 /* GoogleService-Info.plist in Resources */,
				2722C7C41E9B2ACD009DB4A1 /* Assets.xcassets in Resources */,
				2722C7C21E9B2ACD009DB4A1 /* Main.storyboard in Resources */,
			);
			runOnlyForDeploymentPostprocessing = 0;
		};
		2722C7CB1E9B2ACD009DB4A1 /* Resources */ = {
			isa = PBXResourcesBuildPhase;
			buildActionMask = 2147483647;
			files = (
			);
			runOnlyForDeploymentPostprocessing = 0;
		};
		2722C7D61E9B2ACD009DB4A1 /* Resources */ = {
			isa = PBXResourcesBuildPhase;
			buildActionMask = 2147483647;
			files = (
			);
			runOnlyForDeploymentPostprocessing = 0;
		};
/* End PBXResourcesBuildPhase section */

/* Begin PBXShellScriptBuildPhase section */
		22A1CD76E51E1CF4E5FB08A5 /* [CP] Check Pods Manifest.lock */ = {
			isa = PBXShellScriptBuildPhase;
			buildActionMask = 2147483647;
			files = (
			);
			inputPaths = (
			);
			name = "[CP] Check Pods Manifest.lock";
			outputPaths = (
			);
			runOnlyForDeploymentPostprocessing = 0;
			shellPath = /bin/sh;
			shellScript = "diff \"${PODS_PODFILE_DIR_PATH}/Podfile.lock\" \"${PODS_ROOT}/Manifest.lock\" > /dev/null\nif [ $? != 0 ] ; then\n    # print error to STDERR\n    echo \"error: The sandbox is not in sync with the Podfile.lock. Run 'pod install' or update your CocoaPods installation.\" >&2\n    exit 1\nfi\n";
			showEnvVarsInLog = 0;
		};
		315C38E105B865537CEE1819 /* [CP] Copy Pods Resources */ = {
			isa = PBXShellScriptBuildPhase;
			buildActionMask = 2147483647;
			files = (
			);
			inputPaths = (
			);
			name = "[CP] Copy Pods Resources";
			outputPaths = (
			);
			runOnlyForDeploymentPostprocessing = 0;
			shellPath = /bin/sh;
			shellScript = "\"${SRCROOT}/Pods/Target Support Files/Pods-diaryMe/Pods-diaryMe-resources.sh\"\n";
			showEnvVarsInLog = 0;
		};
		5F1D421E1697FD7691FF58FE /* [CP] Embed Pods Frameworks */ = {
			isa = PBXShellScriptBuildPhase;
			buildActionMask = 2147483647;
			files = (
			);
			inputPaths = (
			);
			name = "[CP] Embed Pods Frameworks";
			outputPaths = (
			);
			runOnlyForDeploymentPostprocessing = 0;
			shellPath = /bin/sh;
			shellScript = "\"${SRCROOT}/Pods/Target Support Files/Pods-diaryMe/Pods-diaryMe-frameworks.sh\"\n";
			showEnvVarsInLog = 0;
		};
/* End PBXShellScriptBuildPhase section */

/* Begin PBXSourcesBuildPhase section */
		2722C7B51E9B2ACD009DB4A1 /* Sources */ = {
			isa = PBXSourcesBuildPhase;
			buildActionMask = 2147483647;
			files = (
				2747C90C1EE5903C009A2036 /* EntryDiary.swift in Sources */,
				2722C7EB1E9B2C37009DB4A1 /* EntryTableCell.swift in Sources */,
				2722C7BF1E9B2ACD009DB4A1 /* ViewController.swift in Sources */,
				2747C9061EE552FE009A2036 /* ShowContentViewController.swift in Sources */,
				271975B91EDC0DF40064DB1E /* NewEntry_ViewController.swift in Sources */,
				2722C7BD1E9B2ACD009DB4A1 /* AppDelegate.swift in Sources */,
			);
			runOnlyForDeploymentPostprocessing = 0;
		};
		2722C7C91E9B2ACD009DB4A1 /* Sources */ = {
			isa = PBXSourcesBuildPhase;
			buildActionMask = 2147483647;
			files = (
				2722C7D21E9B2ACD009DB4A1 /* diaryMeTests.swift in Sources */,
			);
			runOnlyForDeploymentPostprocessing = 0;
		};
		2722C7D41E9B2ACD009DB4A1 /* Sources */ = {
			isa = PBXSourcesBuildPhase;
			buildActionMask = 2147483647;
			files = (
				2722C7DD1E9B2ACD009DB4A1 /* diaryMeUITests.swift in Sources */,
			);
			runOnlyForDeploymentPostprocessing = 0;
		};
/* End PBXSourcesBuildPhase section */

/* Begin PBXTargetDependency section */
		2722C7CF1E9B2ACD009DB4A1 /* PBXTargetDependency */ = {
			isa = PBXTargetDependency;
			target = 2722C7B81E9B2ACD009DB4A1 /* diaryMe */;
			targetProxy = 2722C7CE1E9B2ACD009DB4A1 /* PBXContainerItemProxy */;
		};
		2722C7DA1E9B2ACD009DB4A1 /* PBXTargetDependency */ = {
			isa = PBXTargetDependency;
			target = 2722C7B81E9B2ACD009DB4A1 /* diaryMe */;
			targetProxy = 2722C7D91E9B2ACD009DB4A1 /* PBXContainerItemProxy */;
		};
/* End PBXTargetDependency section */

/* Begin PBXVariantGroup section */
		2722C7C01E9B2ACD009DB4A1 /* Main.storyboard */ = {
			isa = PBXVariantGroup;
			children = (
				2722C7C11E9B2ACD009DB4A1 /* Base */,
			);
			name = Main.storyboard;
			sourceTree = "<group>";
		};
		2722C7C51E9B2ACD009DB4A1 /* LaunchScreen.storyboard */ = {
			isa = PBXVariantGroup;
			children = (
				2722C7C61E9B2ACD009DB4A1 /* Base */,
			);
			name = LaunchScreen.storyboard;
			sourceTree = "<group>";
		};
/* End PBXVariantGroup section */

/* Begin XCBuildConfiguration section */
		2722C7DF1E9B2ACD009DB4A1 /* Debug */ = {
			isa = XCBuildConfiguration;
			buildSettings = {
				ALWAYS_SEARCH_USER_PATHS = NO;
				CLANG_ANALYZER_NONNULL = YES;
				CLANG_ANALYZER_NUMBER_OBJECT_CONVERSION = YES_AGGRESSIVE;
				CLANG_CXX_LANGUAGE_STANDARD = "gnu++0x";
				CLANG_CXX_LIBRARY = "libc++";
				CLANG_ENABLE_MODULES = YES;
				CLANG_ENABLE_OBJC_ARC = YES;
				CLANG_WARN_BOOL_CONVERSION = YES;
				CLANG_WARN_CONSTANT_CONVERSION = YES;
				CLANG_WARN_DIRECT_OBJC_ISA_USAGE = YES_ERROR;
				CLANG_WARN_DOCUMENTATION_COMMENTS = YES;
				CLANG_WARN_EMPTY_BODY = YES;
				CLANG_WARN_ENUM_CONVERSION = YES;
				CLANG_WARN_INFINITE_RECURSION = YES;
				CLANG_WARN_INT_CONVERSION = YES;
				CLANG_WARN_OBJC_ROOT_CLASS = YES_ERROR;
				CLANG_WARN_SUSPICIOUS_MOVE = YES;
				CLANG_WARN_UNREACHABLE_CODE = YES;
				CLANG_WARN__DUPLICATE_METHOD_MATCH = YES;
				"CODE_SIGN_IDENTITY[sdk=iphoneos*]" = "iPhone Developer";
				COPY_PHASE_STRIP = NO;
				DEBUG_INFORMATION_FORMAT = dwarf;
				ENABLE_STRICT_OBJC_MSGSEND = YES;
				ENABLE_TESTABILITY = YES;
				GCC_C_LANGUAGE_STANDARD = gnu99;
				GCC_DYNAMIC_NO_PIC = NO;
				GCC_NO_COMMON_BLOCKS = YES;
				GCC_OPTIMIZATION_LEVEL = 0;
				GCC_PREPROCESSOR_DEFINITIONS = (
					"DEBUG=1",
					"$(inherited)",
				);
				GCC_WARN_64_TO_32_BIT_CONVERSION = YES;
				GCC_WARN_ABOUT_RETURN_TYPE = YES_ERROR;
				GCC_WARN_UNDECLARED_SELECTOR = YES;
				GCC_WARN_UNINITIALIZED_AUTOS = YES_AGGRESSIVE;
				GCC_WARN_UNUSED_FUNCTION = YES;
				GCC_WARN_UNUSED_VARIABLE = YES;
				IPHONEOS_DEPLOYMENT_TARGET = 10.3;
				MTL_ENABLE_DEBUG_INFO = YES;
				ONLY_ACTIVE_ARCH = YES;
				SDKROOT = iphoneos;
				SWIFT_ACTIVE_COMPILATION_CONDITIONS = DEBUG;
				SWIFT_OPTIMIZATION_LEVEL = "-Onone";
			};
			name = Debug;
		};
		2722C7E01E9B2ACD009DB4A1 /* Release */ = {
			isa = XCBuildConfiguration;
			buildSettings = {
				ALWAYS_SEARCH_USER_PATHS = NO;
				CLANG_ANALYZER_NONNULL = YES;
				CLANG_ANALYZER_NUMBER_OBJECT_CONVERSION = YES_AGGRESSIVE;
				CLANG_CXX_LANGUAGE_STANDARD = "gnu++0x";
				CLANG_CXX_LIBRARY = "libc++";
				CLANG_ENABLE_MODULES = YES;
				CLANG_ENABLE_OBJC_ARC = YES;
				CLANG_WARN_BOOL_CONVERSION = YES;
				CLANG_WARN_CONSTANT_CONVERSION = YES;
				CLANG_WARN_DIRECT_OBJC_ISA_USAGE = YES_ERROR;
				CLANG_WARN_DOCUMENTATION_COMMENTS = YES;
				CLANG_WARN_EMPTY_BODY = YES;
				CLANG_WARN_ENUM_CONVERSION = YES;
				CLANG_WARN_INFINITE_RECURSION = YES;
				CLANG_WARN_INT_CONVERSION = YES;
				CLANG_WARN_OBJC_ROOT_CLASS = YES_ERROR;
				CLANG_WARN_SUSPICIOUS_MOVE = YES;
				CLANG_WARN_UNREACHABLE_CODE = YES;
				CLANG_WARN__DUPLICATE_METHOD_MATCH = YES;
				"CODE_SIGN_IDENTITY[sdk=iphoneos*]" = "iPhone Developer";
				COPY_PHASE_STRIP = NO;
				DEBUG_INFORMATION_FORMAT = "dwarf-with-dsym";
				ENABLE_NS_ASSERTIONS = NO;
				ENABLE_STRICT_OBJC_MSGSEND = YES;
				GCC_C_LANGUAGE_STANDARD = gnu99;
				GCC_NO_COMMON_BLOCKS = YES;
				GCC_WARN_64_TO_32_BIT_CONVERSION = YES;
				GCC_WARN_ABOUT_RETURN_TYPE = YES_ERROR;
				GCC_WARN_UNDECLARED_SELECTOR = YES;
				GCC_WARN_UNINITIALIZED_AUTOS = YES_AGGRESSIVE;
				GCC_WARN_UNUSED_FUNCTION = YES;
				GCC_WARN_UNUSED_VARIABLE = YES;
				IPHONEOS_DEPLOYMENT_TARGET = 10.3;
				MTL_ENABLE_DEBUG_INFO = NO;
				SDKROOT = iphoneos;
				SWIFT_OPTIMIZATION_LEVEL = "-Owholemodule";
				VALIDATE_PRODUCT = YES;
			};
			name = Release;
		};
		2722C7E21E9B2ACD009DB4A1 /* Debug */ = {
			isa = XCBuildConfiguration;
			baseConfigurationReference = 2793D4F43851DCA423E8996B /* Pods-diaryMe.debug.xcconfig */;
			buildSettings = {
				ASSETCATALOG_COMPILER_APPICON_NAME = AppIcon;
				DEVELOPMENT_TEAM = 2EYD2E426S;
				INFOPLIST_FILE = diaryMe/Info.plist;
				LD_RUNPATH_SEARCH_PATHS = "$(inherited) @executable_path/Frameworks";
				PRODUCT_BUNDLE_IDENTIFIER = TheSaggitHub.diaryMe;
				PRODUCT_NAME = "$(TARGET_NAME)";
				SWIFT_VERSION = 3.0;
			};
			name = Debug;
		};
		2722C7E31E9B2ACD009DB4A1 /* Release */ = {
			isa = XCBuildConfiguration;
			baseConfigurationReference = 27BD6639F5931A1E707E71D6 /* Pods-diaryMe.release.xcconfig */;
			buildSettings = {
				ASSETCATALOG_COMPILER_APPICON_NAME = AppIcon;
				DEVELOPMENT_TEAM = 2EYD2E426S;
				INFOPLIST_FILE = diaryMe/Info.plist;
				LD_RUNPATH_SEARCH_PATHS = "$(inherited) @executable_path/Frameworks";
				PRODUCT_BUNDLE_IDENTIFIER = TheSaggitHub.diaryMe;
				PRODUCT_NAME = "$(TARGET_NAME)";
				SWIFT_VERSION = 3.0;
			};
			name = Release;
		};
		2722C7E51E9B2ACD009DB4A1 /* Debug */ = {
			isa = XCBuildConfiguration;
			buildSettings = {
				ALWAYS_EMBED_SWIFT_STANDARD_LIBRARIES = YES;
				BUNDLE_LOADER = "$(TEST_HOST)";
				INFOPLIST_FILE = diaryMeTests/Info.plist;
				LD_RUNPATH_SEARCH_PATHS = "$(inherited) @executable_path/Frameworks @loader_path/Frameworks";
				PRODUCT_BUNDLE_IDENTIFIER = TheSaggitHub.diaryMeTests;
				PRODUCT_NAME = "$(TARGET_NAME)";
				SWIFT_VERSION = 3.0;
				TEST_HOST = "$(BUILT_PRODUCTS_DIR)/diaryMe.app/diaryMe";
			};
			name = Debug;
		};
		2722C7E61E9B2ACD009DB4A1 /* Release */ = {
			isa = XCBuildConfiguration;
			buildSettings = {
				ALWAYS_EMBED_SWIFT_STANDARD_LIBRARIES = YES;
				BUNDLE_LOADER = "$(TEST_HOST)";
				INFOPLIST_FILE = diaryMeTests/Info.plist;
				LD_RUNPATH_SEARCH_PATHS = "$(inherited) @executable_path/Frameworks @loader_path/Frameworks";
				PRODUCT_BUNDLE_IDENTIFIER = TheSaggitHub.diaryMeTests;
				PRODUCT_NAME = "$(TARGET_NAME)";
				SWIFT_VERSION = 3.0;
				TEST_HOST = "$(BUILT_PRODUCTS_DIR)/diaryMe.app/diaryMe";
			};
			name = Release;
		};
		2722C7E81E9B2ACD009DB4A1 /* Debug */ = {
			isa = XCBuildConfiguration;
			buildSettings = {
				ALWAYS_EMBED_SWIFT_STANDARD_LIBRARIES = YES;
				INFOPLIST_FILE = diaryMeUITests/Info.plist;
				LD_RUNPATH_SEARCH_PATHS = "$(inherited) @executable_path/Frameworks @loader_path/Frameworks";
				PRODUCT_BUNDLE_IDENTIFIER = TheSaggitHub.diaryMeUITests;
				PRODUCT_NAME = "$(TARGET_NAME)";
				SWIFT_VERSION = 3.0;
				TEST_TARGET_NAME = diaryMe;
			};
			name = Debug;
		};
		2722C7E91E9B2ACD009DB4A1 /* Release */ = {
			isa = XCBuildConfiguration;
			buildSettings = {
				ALWAYS_EMBED_SWIFT_STANDARD_LIBRARIES = YES;
				INFOPLIST_FILE = diaryMeUITests/Info.plist;
				LD_RUNPATH_SEARCH_PATHS = "$(inherited) @executable_path/Frameworks @loader_path/Frameworks";
				PRODUCT_BUNDLE_IDENTIFIER = TheSaggitHub.diaryMeUITests;
				PRODUCT_NAME = "$(TARGET_NAME)";
				SWIFT_VERSION = 3.0;
				TEST_TARGET_NAME = diaryMe;
			};
			name = Release;
		};
/* End XCBuildConfiguration section */

/* Begin XCConfigurationList section */
		2722C7B41E9B2ACD009DB4A1 /* Build configuration list for PBXProject "diaryMe" */ = {
			isa = XCConfigurationList;
			buildConfigurations = (
				2722C7DF1E9B2ACD009DB4A1 /* Debug */,
				2722C7E01E9B2ACD009DB4A1 /* Release */,
			);
			defaultConfigurationIsVisible = 0;
			defaultConfigurationName = Release;
		};
		2722C7E11E9B2ACD009DB4A1 /* Build configuration list for PBXNativeTarget "diaryMe" */ = {
			isa = XCConfigurationList;
			buildConfigurations = (
				2722C7E21E9B2ACD009DB4A1 /* Debug */,
				2722C7E31E9B2ACD009DB4A1 /* Release */,
			);
			defaultConfigurationIsVisible = 0;
			defaultConfigurationName = Release;
		};
		2722C7E41E9B2ACD009DB4A1 /* Build configuration list for PBXNativeTarget "diaryMeTests" */ = {
			isa = XCConfigurationList;
			buildConfigurations = (
				2722C7E51E9B2ACD009DB4A1 /* Debug */,
				2722C7E61E9B2ACD009DB4A1 /* Release */,
			);
			defaultConfigurationIsVisible = 0;
			defaultConfigurationName = Release;
		};
		2722C7E71E9B2ACD009DB4A1 /* Build configuration list for PBXNativeTarget "diaryMeUITests" */ = {
			isa = XCConfigurationList;
			buildConfigurations = (
				2722C7E81E9B2ACD009DB4A1 /* Debug */,
				2722C7E91E9B2ACD009DB4A1 /* Release */,
			);
			defaultConfigurationIsVisible = 0;
			defaultConfigurationName = Release;
		};
/* End XCConfigurationList section */
	};
	rootObject = 2722C7B11E9B2ACD009DB4A1 /* Project object */;
}
